{
  "version": 4,
  "terraform_version": "1.1.7",
  "serial": 28,
  "lineage": "fa50eb59-7efc-3c8c-fe8b-ba39553df864",
  "outputs": {},
  "resources": [
    {
      "module": "module.creating-IGW",
      "mode": "managed",
      "type": "aws_internet_gateway",
      "name": "gw",
      "provider": "provider[\"registry.terraform.io/hashicorp/aws\"]",
      "instances": [
        {
          "schema_version": 0,
          "attributes": {
            "arn": "arn:aws:ec2:us-east-1:485146087273:internet-gateway/igw-015f7c69add60c215",
            "id": "igw-015f7c69add60c215",
            "owner_id": "485146087273",
            "tags": {
              "Name": "kamil_gw"
            },
            "tags_all": {
              "Name": "kamil_gw"
            },
            "vpc_id": "vpc-07296f011d840b945"
          },
          "sensitive_attributes": [],
          "private": "bnVsbA==",
          "dependencies": [
            "module.creating-vpc.aws_vpc.main"
          ]
        }
      ]
    },
    {
      "module": "module.creating-vpc",
      "mode": "managed",
      "type": "aws_vpc",
      "name": "main",
      "provider": "provider[\"registry.terraform.io/hashicorp/aws\"]",
      "instances": [
        {
          "schema_version": 1,
          "attributes": {
            "arn": "arn:aws:ec2:us-east-1:485146087273:vpc/vpc-07296f011d840b945",
            "assign_generated_ipv6_cidr_block": false,
            "cidr_block": "192.168.0.0/16",
            "default_network_acl_id": "acl-0491e415c54a50ef1",
            "default_route_table_id": "rtb-061d58a95376b8d04",
            "default_security_group_id": "sg-0e6062536ac4e4d00",
            "dhcp_options_id": "dopt-033d2b1ddea21925e",
            "enable_classiclink": false,
            "enable_classiclink_dns_support": false,
            "enable_dns_hostnames": false,
            "enable_dns_support": true,
            "id": "vpc-07296f011d840b945",
            "instance_tenancy": "default",
            "ipv4_ipam_pool_id": null,
            "ipv4_netmask_length": null,
            "ipv6_association_id": "",
            "ipv6_cidr_block": "",
            "ipv6_cidr_block_network_border_group": "",
            "ipv6_ipam_pool_id": "",
            "ipv6_netmask_length": 0,
            "main_route_table_id": "rtb-061d58a95376b8d04",
            "owner_id": "485146087273",
            "tags": {
              "Name": "kamil_vpc"
            },
            "tags_all": {
              "Name": "kamil_vpc"
            }
          },
          "sensitive_attributes": [],
          "private": "eyJzY2hlbWFfdmVyc2lvbiI6IjEifQ=="
        }
      ]
    }
  ]
}
